{
  "nodes": {
    "flake-utils": {
      "inputs": {
        "systems": "systems"
      },
      "locked": {
        "lastModified": 1731533236,
        "narHash": "sha256-l0KFg5HjrsfsO/JpG+r7fRrqm12kzFHyUHqHCVpMMbI=",
        "owner": "numtide",
        "repo": "flake-utils",
        "rev": "11707dc2f618dd54ca8739b309ec4fc024de578b",
        "type": "github"
      },
      "original": {
        "owner": "numtide",
        "repo": "flake-utils",
        "type": "github"
      }
    },
    "nixpkgs": {
      "locked": {
        "lastModified": 1775423009,
        "narHash": "sha256-vPKLpjhIVWdDrfiUM8atW6YkIggCEKdSAlJPzzhkQlw=",
        "owner": "NixOS",
        "repo": "nixpkgs",
        "rev": "68d8aa3d661f0e6bd5862291b5bb263b2a6595c9",
        "type": "github"
      },
      "original": {
        "owner": "NixOS",
        "ref": "nixos-unstable",
        "repo": "nixpkgs",
        "type": "github"
      }
    },
    "oh-my-pi-src": {
      "flake": false,
      "locked": {
        "lastModified": 1775405109,
        "narHash": "sha256-Gf287WU40iQUTHZ1uP4g6ndXl4Re+6gh5vT/8eRul3o=",
        "owner": "can1357",
        "repo": "oh-my-pi",
        "rev": "e52535c51cc2147f8d1ae2d6e25f92a771ce1df6",
        "type": "github"
      },
      "original": {
        "owner": "can1357",
        "ref": "v13.19.0",
        "repo": "oh-my-pi",
        "type": "github"
      }
    },
    "pi-mono": {
      "flake": false,
      "locked": {
        "lastModified": 1776262387,
        "narHash": "sha256-lWJBx1HtHtpAdqgIRqCwpxiWVTyYYJvRSRm35rPZc2U=",
        "owner": "badlogic",
        "repo": "pi-mono",
        "rev": "c2c185a5e6f14d467f43347261251f74268bfa1c",
        "type": "github"
      },
      "original": {
        "owner": "badlogic",
        "ref": "main",
        "repo": "pi-mono",
        "type": "github"
      }
    },
    "root": {
      "inputs": {
        "flake-utils": "flake-utils",
        "nixpkgs": "nixpkgs",
        "oh-my-pi-src": "oh-my-pi-src",
        "pi-mono": "pi-mono"
      }
    },
    "systems": {
      "locked": {
        "lastModified": 1681028828,
        "narHash": "sha256-Vy1rq5AaRuLzOxct8nz4T6wlgyUR7zLU309k9mBC768=",
        "owner": "nix-systems",
        "repo": "default",
        "rev": "da67096a3b9bf56a91d16901293e51ba5b49a27e",
        "type": "github"
      },
      "original": {
        "owner": "nix-systems",
        "repo": "default",
        "type": "github"
      }
    }
  },
  "root": "root",
  "version": 7
}
